
Microsoft Visual Studio Solution File, Format Version 12.00
# Visual Studio 15
VisualStudioVersion = 15.0.28010.2048
MinimumVisualStudioVersion = 10.0.40219.1
Project("{8BC9CEB8-8B4A-11D0-8D11-00A0C91BC942}") = "PA_05", "PA_05\PA_05.vcxproj", "{71606A52-1BE3-4053-BE91-5A6BADD33BA2}"
EndProject
Global
	GlobalSection(SolutionConfigurationPlatforms) = preSolution
		Debug|x64 = Debug|x64
		Debug|x86 = Debug|x86
		Release|x64 = Release|x64
		Release|x86 = Release|x86
	EndGlobalSection
	GlobalSection(ProjectConfigurationPlatforms) = postSolution
		{71606A52-1BE3-4053-BE91-5A6BADD33BA2}.Debug|x64.ActiveCfg = Debug|x64
		{71606A52-1BE3-4053-BE91-5A6BADD33BA2}.Debug|x64.Build.0 = Debug|x64
		{71606A52-1BE3-4053-BE91-5A6BADD33BA2}.Debug|x86.ActiveCfg = Debug|Win32
		{71606A52-1BE3-4053-BE91-5A6BADD33BA2}.Debug|x86.Build.0 = Debug|Win32
		{71606A52-1BE3-4053-BE91-5A6BADD33BA2}.Release|x64.ActiveCfg = Release|x64
		{71606A52-1BE3-4053-BE91-5A6BADD33BA2}.Release|x64.Build.0 = Release|x64
		{71606A52-1BE3-4053-BE91-5A6BADD33BA2}.Release|x86.ActiveCfg = Release|Win32
		{71606A52-1BE3-4053-BE91-5A6BADD33BA2}.Release|x86.Build.0 = Release|Win32
	EndGlobalSection
	GlobalSection(SolutionProperties) = preSolution
		HideSolutionNode = FALSE
	EndGlobalSection
	GlobalSection(ExtensibilityGlobals) = postSolution
		SolutionGuid = {A61991F2-64F3-4B35-B0B2-C4C455FF3C43}
	EndGlobalSection
EndGlobal
